
Microsoft Visual Studio Solution File, Format Version 12.00
# Visual Studio Version 17
VisualStudioVersion = 17.11.35327.3
MinimumVisualStudioVersion = 10.0.40219.1
Project("{FAE04EC0-301F-11D3-BF4B-00C04F79EFBC}") = "EmocineSveikataServer", "EmocineSveikataServer\EmocineSveikataServer.csproj", "{DA3E26FB-966B-4C7B-B9DE-A1F78259ED8D}"
EndProject
Global
	GlobalSection(SolutionConfigurationPlatforms) = preSolution
		Debug|Any CPU = Debug|Any CPU
		Release|Any CPU = Release|Any CPU
	EndGlobalSection
	GlobalSection(ProjectConfigurationPlatforms) = postSolution
		{DA3E26FB-966B-4C7B-B9DE-A1F78259ED8D}.Debug|Any CPU.ActiveCfg = Debug|Any CPU
		{DA3E26FB-966B-4C7B-B9DE-A1F78259ED8D}.Debug|Any CPU.Build.0 = Debug|Any CPU
		{DA3E26FB-966B-4C7B-B9DE-A1F78259ED8D}.Release|Any CPU.ActiveCfg = Release|Any CPU
		{DA3E26FB-966B-4C7B-B9DE-A1F78259ED8D}.Release|Any CPU.Build.0 = Release|Any CPU
	EndGlobalSection
	GlobalSection(SolutionProperties) = preSolution
		HideSolutionNode = FALSE
	EndGlobalSection
	GlobalSection(ExtensibilityGlobals) = postSolution
		SolutionGuid = {D258142E-5081-4F3B-89A7-A67815F9D359}
	EndGlobalSection
EndGlobal
